
Microsoft Visual Studio Solution File, Format Version 12.00
# Visual Studio 15
Project("{FAE04EC0-301F-11D3-BF4B-00C04F79EFBC}") = "Assembly-CSharp", "Assembly-CSharp.csproj", "{F7ECB197-9240-B46A-0686-B9F0BDB1DEAC}"
EndProject
Project("{FAE04EC0-301F-11D3-BF4B-00C04F79EFBC}") = "Assembly-CSharp-Editor", "Assembly-CSharp-Editor.csproj", "{F14DA301-8A89-93E5-589B-8FBAEA88D2B3}"
EndProject
Global
	GlobalSection(SolutionConfigurationPlatforms) = preSolution
		Debug|Any CPU = Debug|Any CPU
		Release|Any CPU = Release|Any CPU
	EndGlobalSection
	GlobalSection(ProjectConfigurationPlatforms) = postSolution
		{F7ECB197-9240-B46A-0686-B9F0BDB1DEAC}.Debug|Any CPU.ActiveCfg = Debug|Any CPU
		{F7ECB197-9240-B46A-0686-B9F0BDB1DEAC}.Debug|Any CPU.Build.0 = Debug|Any CPU
		{F7ECB197-9240-B46A-0686-B9F0BDB1DEAC}.Release|Any CPU.ActiveCfg = Release|Any CPU
		{F7ECB197-9240-B46A-0686-B9F0BDB1DEAC}.Release|Any CPU.Build.0 = Release|Any CPU
		{F14DA301-8A89-93E5-589B-8FBAEA88D2B3}.Debug|Any CPU.ActiveCfg = Debug|Any CPU
		{F14DA301-8A89-93E5-589B-8FBAEA88D2B3}.Debug|Any CPU.Build.0 = Debug|Any CPU
		{F14DA301-8A89-93E5-589B-8FBAEA88D2B3}.Release|Any CPU.ActiveCfg = Release|Any CPU
		{F14DA301-8A89-93E5-589B-8FBAEA88D2B3}.Release|Any CPU.Build.0 = Release|Any CPU
	EndGlobalSection
	GlobalSection(SolutionProperties) = preSolution
		HideSolutionNode = FALSE
	EndGlobalSection
EndGlobal
